
Microsoft Visual Studio Solution File, Format Version 12.00
# Visual Studio 15
VisualStudioVersion = 15.0.27004.2009
MinimumVisualStudioVersion = 10.0.40219.1
Project("{D954291E-2A0B-460D-934E-DC6B0785DB48}") = "Genuino101_Xamarin", "Nikki_Xamarin\Nikki_Xamarin\Genuino101_Xamarin.shproj", "{EEBF26CD-0F79-44DD-BD3D-80BBE4F0A110}"
EndProject
Project("{FAE04EC0-301F-11D3-BF4B-00C04F79EFBC}") = "Genuino101_Xamarin.Android", "Nikki_Xamarin\Nikki_Xamarin.Android\Genuino101_Xamarin.Android.csproj", "{E47F510D-6F39-4F1A-9DAB-75BE1BE4130F}"
EndProject
Project("{FAE04EC0-301F-11D3-BF4B-00C04F79EFBC}") = "Genuino101_Xamarin.iOS", "Nikki_Xamarin\Nikki_Xamarin.iOS\Genuino101_Xamarin.iOS.csproj", "{92E030FA-D575-45C6-A4F9-C59D4A3438FB}"
EndProject
Project("{FAE04EC0-301F-11D3-BF4B-00C04F79EFBC}") = "Genuino101_Xamarin.UWP", "Nikki_Xamarin\Nikki_Xamarin.UWP\Genuino101_Xamarin.UWP.csproj", "{EEBC2117-5B7D-42F1-B6FE-C5A151528C22}"
EndProject
Global
	GlobalSection(SharedMSBuildProjectFiles) = preSolution
		Nikki_Xamarin\Nikki_Xamarin\Nikki_Xamarin.projitems*{92e030fa-d575-45c6-a4f9-c59d4a3438fb}*SharedItemsImports = 4
		Nikki_Xamarin\Nikki_Xamarin\Nikki_Xamarin.projitems*{e47f510d-6f39-4f1a-9dab-75be1be4130f}*SharedItemsImports = 4
		Nikki_Xamarin\Nikki_Xamarin\Nikki_Xamarin.projitems*{eebf26cd-0f79-44dd-bd3d-80bbe4f0a110}*SharedItemsImports = 13
	EndGlobalSection
	GlobalSection(SolutionConfigurationPlatforms) = preSolution
		Ad-Hoc|Any CPU = Ad-Hoc|Any CPU
		Ad-Hoc|ARM = Ad-Hoc|ARM
		Ad-Hoc|iPhone = Ad-Hoc|iPhone
		Ad-Hoc|iPhoneSimulator = Ad-Hoc|iPhoneSimulator
		Ad-Hoc|x64 = Ad-Hoc|x64
		Ad-Hoc|x86 = Ad-Hoc|x86
		AppStore|Any CPU = AppStore|Any CPU
		AppStore|ARM = AppStore|ARM
		AppStore|iPhone = AppStore|iPhone
		AppStore|iPhoneSimulator = AppStore|iPhoneSimulator
		AppStore|x64 = AppStore|x64
		AppStore|x86 = AppStore|x86
		Debug|Any CPU = Debug|Any CPU
		Debug|ARM = Debug|ARM
		Debug|iPhone = Debug|iPhone
		Debug|iPhoneSimulator = Debug|iPhoneSimulator
		Debug|x64 = Debug|x64
		Debug|x86 = Debug|x86
		Release|Any CPU = Release|Any CPU
		Release|ARM = Release|ARM
		Release|iPhone = Release|iPhone
		Release|iPhoneSimulator = Release|iPhoneSimulator
		Release|x64 = Release|x64
		Release|x86 = Release|x86
	EndGlobalSection
	GlobalSection(ProjectConfigurationPlatforms) = postSolution
		{E47F510D-6F39-4F1A-9DAB-75BE1BE4130F}.Ad-Hoc|Any CPU.ActiveCfg = Release|Any CPU
		{E47F510D-6F39-4F1A-9DAB-75BE1BE4130F}.Ad-Hoc|Any CPU.Build.0 = Release|Any CPU
		{E47F510D-6F39-4F1A-9DAB-75BE1BE4130F}.Ad-Hoc|Any CPU.Deploy.0 = Release|Any CPU
		{E47F510D-6F39-4F1A-9DAB-75BE1BE4130F}.Ad-Hoc|ARM.ActiveCfg = Release|Any CPU
		{E47F510D-6F39-4F1A-9DAB-75BE1BE4130F}.Ad-Hoc|ARM.Build.0 = Release|Any CPU
		{E47F510D-6F39-4F1A-9DAB-75BE1BE4130F}.Ad-Hoc|ARM.Deploy.0 = Release|Any CPU
		{E47F510D-6F39-4F1A-9DAB-75BE1BE4130F}.Ad-Hoc|iPhone.ActiveCfg = Release|Any CPU
		{E47F510D-6F39-4F1A-9DAB-75BE1BE4130F}.Ad-Hoc|iPhone.Build.0 = Release|Any CPU
		{E47F510D-6F39-4F1A-9DAB-75BE1BE4130F}.Ad-Hoc|iPhone.Deploy.0 = Release|Any CPU
		{E47F510D-6F39-4F1A-9DAB-75BE1BE4130F}.Ad-Hoc|iPhoneSimulator.ActiveCfg = Release|Any CPU
		{E47F510D-6F39-4F1A-9DAB-75BE1BE4130F}.Ad-Hoc|iPhoneSimulator.Build.0 = Release|Any CPU
		{E47F510D-6F39-4F1A-9DAB-75BE1BE4130F}.Ad-Hoc|iPhoneSimulator.Deploy.0 = Release|Any CPU
		{E47F510D-6F39-4F1A-9DAB-75BE1BE4130F}.Ad-Hoc|x64.ActiveCfg = Release|Any CPU
		{E47F510D-6F39-4F1A-9DAB-75BE1BE4130F}.Ad-Hoc|x64.Build.0 = Release|Any CPU
		{E47F510D-6F39-4F1A-9DAB-75BE1BE4130F}.Ad-Hoc|x64.Deploy.0 = Release|Any CPU
		{E47F510D-6F39-4F1A-9DAB-75BE1BE4130F}.Ad-Hoc|x86.ActiveCfg = Release|Any CPU
		{E47F510D-6F39-4F1A-9DAB-75BE1BE4130F}.Ad-Hoc|x86.Build.0 = Release|Any CPU
		{E47F510D-6F39-4F1A-9DAB-75BE1BE4130F}.Ad-Hoc|x86.Deploy.0 = Release|Any CPU
		{E47F510D-6F39-4F1A-9DAB-75BE1BE4130F}.AppStore|Any CPU.ActiveCfg = Release|Any CPU
		{E47F510D-6F39-4F1A-9DAB-75BE1BE4130F}.AppStore|Any CPU.Build.0 = Release|Any CPU
		{E47F510D-6F39-4F1A-9DAB-75BE1BE4130F}.AppStore|Any CPU.Deploy.0 = Release|Any CPU
		{E47F510D-6F39-4F1A-9DAB-75BE1BE4130F}.AppStore|ARM.ActiveCfg = Release|Any CPU
		{E47F510D-6F39-4F1A-9DAB-75BE1BE4130F}.AppStore|ARM.Build.0 = Release|Any CPU
		{E47F510D-6F39-4F1A-9DAB-75BE1BE4130F}.AppStore|ARM.Deploy.0 = Release|Any CPU
		{E47F510D-6F39-4F1A-9DAB-75BE1BE4130F}.AppStore|iPhone.ActiveCfg = Release|Any CPU
		{E47F510D-6F39-4F1A-9DAB-75BE1BE4130F}.AppStore|iPhone.Build.0 = Release|Any CPU
		{E47F510D-6F39-4F1A-9DAB-75BE1BE4130F}.AppStore|iPhone.Deploy.0 = Release|Any CPU
		{E47F510D-6F39-4F1A-9DAB-75BE1BE4130F}.AppStore|iPhoneSimulator.ActiveCfg = Release|Any CPU
		{E47F510D-6F39-4F1A-9DAB-75BE1BE4130F}.AppStore|iPhoneSimulator.Build.0 = Release|Any CPU
		{E47F510D-6F39-4F1A-9DAB-75BE1BE4130F}.AppStore|iPhoneSimulator.Deploy.0 = Release|Any CPU
		{E47F510D-6F39-4F1A-9DAB-75BE1BE4130F}.AppStore|x64.ActiveCfg = Release|Any CPU
		{E47F510D-6F39-4F1A-9DAB-75BE1BE4130F}.AppStore|x64.Build.0 = Release|Any CPU
		{E47F510D-6F39-4F1A-9DAB-75BE1BE4130F}.AppStore|x64.Deploy.0 = Release|Any CPU
		{E47F510D-6F39-4F1A-9DAB-75BE1BE4130F}.AppStore|x86.ActiveCfg = Release|Any CPU
		{E47F510D-6F39-4F1A-9DAB-75BE1BE4130F}.AppStore|x86.Build.0 = Release|Any CPU
		{E47F510D-6F39-4F1A-9DAB-75BE1BE4130F}.AppStore|x86.Deploy.0 = Release|Any CPU
		{E47F510D-6F39-4F1A-9DAB-75BE1BE4130F}.Debug|Any CPU.ActiveCfg = Debug|Any CPU
		{E47F510D-6F39-4F1A-9DAB-75BE1BE4130F}.Debug|Any CPU.Build.0 = Debug|Any CPU
		{E47F510D-6F39-4F1A-9DAB-75BE1BE4130F}.Debug|Any CPU.Deploy.0 = Debug|Any CPU
		{E47F510D-6F39-4F1A-9DAB-75BE1BE4130F}.Debug|ARM.ActiveCfg = Debug|Any CPU
		{E47F510D-6F39-4F1A-9DAB-75BE1BE4130F}.Debug|ARM.Build.0 = Debug|Any CPU
		{E47F510D-6F39-4F1A-9DAB-75BE1BE4130F}.Debug|ARM.Deploy.0 = Debug|Any CPU
		{E47F510D-6F39-4F1A-9DAB-75BE1BE4130F}.Debug|iPhone.ActiveCfg = Debug|Any CPU
		{E47F510D-6F39-4F1A-9DAB-75BE1BE4130F}.Debug|iPhone.Build.0 = Debug|Any CPU
		{E47F510D-6F39-4F1A-9DAB-75BE1BE4130F}.Debug|iPhone.Deploy.0 = Debug|Any CPU
		{E47F510D-6F39-4F1A-9DAB-75BE1BE4130F}.Debug|iPhoneSimulator.ActiveCfg = Debug|Any CPU
		{E47F510D-6F39-4F1A-9DAB-75BE1BE4130F}.Debug|iPhoneSimulator.Build.0 = Debug|Any CPU
		{E47F510D-6F39-4F1A-9DAB-75BE1BE4130F}.Debug|iPhoneSimulator.Deploy.0 = Debug|Any CPU
		{E47F510D-6F39-4F1A-9DAB-75BE1BE4130F}.Debug|x64.ActiveCfg = Debug|Any CPU
		{E47F510D-6F39-4F1A-9DAB-75BE1BE4130F}.Debug|x64.Build.0 = Debug|Any CPU
		{E47F510D-6F39-4F1A-9DAB-75BE1BE4130F}.Debug|x64.Deploy.0 = Debug|Any CPU
		{E47F510D-6F39-4F1A-9DAB-75BE1BE4130F}.Debug|x86.ActiveCfg = Debug|Any CPU
		{E47F510D-6F39-4F1A-9DAB-75BE1BE4130F}.Debug|x86.Build.0 = Debug|Any CPU
		{E47F510D-6F39-4F1A-9DAB-75BE1BE4130F}.Debug|x86.Deploy.0 = Debug|Any CPU
		{E47F510D-6F39-4F1A-9DAB-75BE1BE4130F}.Release|Any CPU.ActiveCfg = Release|Any CPU
		{E47F510D-6F39-4F1A-9DAB-75BE1BE4130F}.Release|Any CPU.Build.0 = Release|Any CPU
		{E47F510D-6F39-4F1A-9DAB-75BE1BE4130F}.Release|Any CPU.Deploy.0 = Release|Any CPU
		{E47F510D-6F39-4F1A-9DAB-75BE1BE4130F}.Release|ARM.ActiveCfg = Release|Any CPU
		{E47F510D-6F39-4F1A-9DAB-75BE1BE4130F}.Release|ARM.Build.0 = Release|Any CPU
		{E47F510D-6F39-4F1A-9DAB-75BE1BE4130F}.Release|ARM.Deploy.0 = Release|Any CPU
		{E47F510D-6F39-4F1A-9DAB-75BE1BE4130F}.Release|iPhone.ActiveCfg = Release|Any CPU
		{E47F510D-6F39-4F1A-9DAB-75BE1BE4130F}.Release|iPhone.Build.0 = Release|Any CPU
		{E47F510D-6F39-4F1A-9DAB-75BE1BE4130F}.Release|iPhone.Deploy.0 = Release|Any CPU
		{E47F510D-6F39-4F1A-9DAB-75BE1BE4130F}.Release|iPhoneSimulator.ActiveCfg = Release|Any CPU
		{E47F510D-6F39-4F1A-9DAB-75BE1BE4130F}.Release|iPhoneSimulator.Build.0 = Release|Any CPU
		{E47F510D-6F39-4F1A-9DAB-75BE1BE4130F}.Release|iPhoneSimulator.Deploy.0 = Release|Any CPU
		{E47F510D-6F39-4F1A-9DAB-75BE1BE4130F}.Release|x64.ActiveCfg = Release|Any CPU
		{E47F510D-6F39-4F1A-9DAB-75BE1BE4130F}.Release|x64.Build.0 = Release|Any CPU
		{E47F510D-6F39-4F1A-9DAB-75BE1BE4130F}.Release|x64.Deploy.0 = Release|Any CPU
		{E47F510D-6F39-4F1A-9DAB-75BE1BE4130F}.Release|x86.ActiveCfg = Release|Any CPU
		{E47F510D-6F39-4F1A-9DAB-75BE1BE4130F}.Release|x86.Build.0 = Release|Any CPU
		{E47F510D-6F39-4F1A-9DAB-75BE1BE4130F}.Release|x86.Deploy.0 = Release|Any CPU
		{92E030FA-D575-45C6-A4F9-C59D4A3438FB}.Ad-Hoc|Any CPU.ActiveCfg = Ad-Hoc|iPhoneSimulator
		{92E030FA-D575-45C6-A4F9-C59D4A3438FB}.Ad-Hoc|ARM.ActiveCfg = Ad-Hoc|iPhone
		{92E030FA-D575-45C6-A4F9-C59D4A3438FB}.Ad-Hoc|iPhone.ActiveCfg = Ad-Hoc|iPhone
		{92E030FA-D575-45C6-A4F9-C59D4A3438FB}.Ad-Hoc|iPhone.Build.0 = Ad-Hoc|iPhone
		{92E030FA-D575-45C6-A4F9-C59D4A3438FB}.Ad-Hoc|iPhoneSimulator.ActiveCfg = Ad-Hoc|iPhoneSimulator
		{92E030FA-D575-45C6-A4F9-C59D4A3438FB}.Ad-Hoc|iPhoneSimulator.Build.0 = Ad-Hoc|iPhoneSimulator
		{92E030FA-D575-45C6-A4F9-C59D4A3438FB}.Ad-Hoc|x64.ActiveCfg = Ad-Hoc|iPhone
		{92E030FA-D575-45C6-A4F9-C59D4A3438FB}.Ad-Hoc|x86.ActiveCfg = Ad-Hoc|iPhone
		{92E030FA-D575-45C6-A4F9-C59D4A3438FB}.AppStore|Any CPU.ActiveCfg = AppStore|iPhoneSimulator
		{92E030FA-D575-45C6-A4F9-C59D4A3438FB}.AppStore|ARM.ActiveCfg = AppStore|iPhone
		{92E030FA-D575-45C6-A4F9-C59D4A3438FB}.AppStore|iPhone.ActiveCfg = AppStore|iPhone
		{92E030FA-D575-45C6-A4F9-C59D4A3438FB}.AppStore|iPhone.Build.0 = AppStore|iPhone
		{92E030FA-D575-45C6-A4F9-C59D4A3438FB}.AppStore|iPhoneSimulator.ActiveCfg = AppStore|iPhoneSimulator
		{92E030FA-D575-45C6-A4F9-C59D4A3438FB}.AppStore|iPhoneSimulator.Build.0 = AppStore|iPhoneSimulator
		{92E030FA-D575-45C6-A4F9-C59D4A3438FB}.AppStore|x64.ActiveCfg = AppStore|iPhone
		{92E030FA-D575-45C6-A4F9-C59D4A3438FB}.AppStore|x86.ActiveCfg = AppStore|iPhone
		{92E030FA-D575-45C6-A4F9-C59D4A3438FB}.Debug|Any CPU.ActiveCfg = Debug|iPhoneSimulator
		{92E030FA-D575-45C6-A4F9-C59D4A3438FB}.Debug|ARM.ActiveCfg = Debug|iPhone
		{92E030FA-D575-45C6-A4F9-C59D4A3438FB}.Debug|iPhone.ActiveCfg = Debug|iPhone
		{92E030FA-D575-45C6-A4F9-C59D4A3438FB}.Debug|iPhone.Build.0 = Debug|iPhone
		{92E030FA-D575-45C6-A4F9-C59D4A3438FB}.Debug|iPhoneSimulator.ActiveCfg = Debug|iPhoneSimulator
		{92E030FA-D575-45C6-A4F9-C59D4A3438FB}.Debug|iPhoneSimulator.Build.0 = Debug|iPhoneSimulator
		{92E030FA-D575-45C6-A4F9-C59D4A3438FB}.Debug|x64.ActiveCfg = Debug|iPhone
		{92E030FA-D575-45C6-A4F9-C59D4A3438FB}.Debug|x86.ActiveCfg = Debug|iPhone
		{92E030FA-D575-45C6-A4F9-C59D4A3438FB}.Release|Any CPU.ActiveCfg = Release|iPhoneSimulator
		{92E030FA-D575-45C6-A4F9-C59D4A3438FB}.Release|ARM.ActiveCfg = Release|iPhone
		{92E030FA-D575-45C6-A4F9-C59D4A3438FB}.Release|iPhone.ActiveCfg = Release|iPhone
		{92E030FA-D575-45C6-A4F9-C59D4A3438FB}.Release|iPhone.Build.0 = Release|iPhone
		{92E030FA-D575-45C6-A4F9-C59D4A3438FB}.Release|iPhoneSimulator.ActiveCfg = Release|iPhoneSimulator
		{92E030FA-D575-45C6-A4F9-C59D4A3438FB}.Release|iPhoneSimulator.Build.0 = Release|iPhoneSimulator
		{92E030FA-D575-45C6-A4F9-C59D4A3438FB}.Release|x64.ActiveCfg = Release|iPhone
		{92E030FA-D575-45C6-A4F9-C59D4A3438FB}.Release|x86.ActiveCfg = Release|iPhone
		{EEBC2117-5B7D-42F1-B6FE-C5A151528C22}.Ad-Hoc|Any CPU.ActiveCfg = Release|x86
		{EEBC2117-5B7D-42F1-B6FE-C5A151528C22}.Ad-Hoc|Any CPU.Build.0 = Release|x86
		{EEBC2117-5B7D-42F1-B6FE-C5A151528C22}.Ad-Hoc|Any CPU.Deploy.0 = Release|x86
		{EEBC2117-5B7D-42F1-B6FE-C5A151528C22}.Ad-Hoc|ARM.ActiveCfg = Release|ARM
		{EEBC2117-5B7D-42F1-B6FE-C5A151528C22}.Ad-Hoc|ARM.Build.0 = Release|ARM
		{EEBC2117-5B7D-42F1-B6FE-C5A151528C22}.Ad-Hoc|ARM.Deploy.0 = Release|ARM
		{EEBC2117-5B7D-42F1-B6FE-C5A151528C22}.Ad-Hoc|iPhone.ActiveCfg = Release|x86
		{EEBC2117-5B7D-42F1-B6FE-C5A151528C22}.Ad-Hoc|iPhone.Build.0 = Release|x86
		{EEBC2117-5B7D-42F1-B6FE-C5A151528C22}.Ad-Hoc|iPhone.Deploy.0 = Release|x86
		{EEBC2117-5B7D-42F1-B6FE-C5A151528C22}.Ad-Hoc|iPhoneSimulator.ActiveCfg = Release|x86
		{EEBC2117-5B7D-42F1-B6FE-C5A151528C22}.Ad-Hoc|iPhoneSimulator.Build.0 = Release|x86
		{EEBC2117-5B7D-42F1-B6FE-C5A151528C22}.Ad-Hoc|iPhoneSimulator.Deploy.0 = Release|x86
		{EEBC2117-5B7D-42F1-B6FE-C5A151528C22}.Ad-Hoc|x64.ActiveCfg = Release|x64
		{EEBC2117-5B7D-42F1-B6FE-C5A151528C22}.Ad-Hoc|x64.Build.0 = Release|x64
		{EEBC2117-5B7D-42F1-B6FE-C5A151528C22}.Ad-Hoc|x64.Deploy.0 = Release|x64
		{EEBC2117-5B7D-42F1-B6FE-C5A151528C22}.Ad-Hoc|x86.ActiveCfg = Release|x86
		{EEBC2117-5B7D-42F1-B6FE-C5A151528C22}.Ad-Hoc|x86.Build.0 = Release|x86
		{EEBC2117-5B7D-42F1-B6FE-C5A151528C22}.Ad-Hoc|x86.Deploy.0 = Release|x86
		{EEBC2117-5B7D-42F1-B6FE-C5A151528C22}.AppStore|Any CPU.ActiveCfg = Release|x86
		{EEBC2117-5B7D-42F1-B6FE-C5A151528C22}.AppStore|Any CPU.Build.0 = Release|x86
		{EEBC2117-5B7D-42F1-B6FE-C5A151528C22}.AppStore|Any CPU.Deploy.0 = Release|x86
		{EEBC2117-5B7D-42F1-B6FE-C5A151528C22}.AppStore|ARM.ActiveCfg = Release|ARM
		{EEBC2117-5B7D-42F1-B6FE-C5A151528C22}.AppStore|ARM.Build.0 = Release|ARM
		{EEBC2117-5B7D-42F1-B6FE-C5A151528C22}.AppStore|ARM.Deploy.0 = Release|ARM
		{EEBC2117-5B7D-42F1-B6FE-C5A151528C22}.AppStore|iPhone.ActiveCfg = Release|x86
		{EEBC2117-5B7D-42F1-B6FE-C5A151528C22}.AppStore|iPhone.Build.0 = Release|x86
		{EEBC2117-5B7D-42F1-B6FE-C5A151528C22}.AppStore|iPhone.Deploy.0 = Release|x86
		{EEBC2117-5B7D-42F1-B6FE-C5A151528C22}.AppStore|iPhoneSimulator.ActiveCfg = Release|x86
		{EEBC2117-5B7D-42F1-B6FE-C5A151528C22}.AppStore|iPhoneSimulator.Build.0 = Release|x86
		{EEBC2117-5B7D-42F1-B6FE-C5A151528C22}.AppStore|iPhoneSimulator.Deploy.0 = Release|x86
		{EEBC2117-5B7D-42F1-B6FE-C5A151528C22}.AppStore|x64.ActiveCfg = Release|x64
		{EEBC2117-5B7D-42F1-B6FE-C5A151528C22}.AppStore|x64.Build.0 = Release|x64
		{EEBC2117-5B7D-42F1-B6FE-C5A151528C22}.AppStore|x64.Deploy.0 = Release|x64
		{EEBC2117-5B7D-42F1-B6FE-C5A151528C22}.AppStore|x86.ActiveCfg = Release|x86
		{EEBC2117-5B7D-42F1-B6FE-C5A151528C22}.AppStore|x86.Build.0 = Release|x86
		{EEBC2117-5B7D-42F1-B6FE-C5A151528C22}.AppStore|x86.Deploy.0 = Release|x86
		{EEBC2117-5B7D-42F1-B6FE-C5A151528C22}.Debug|Any CPU.ActiveCfg = Debug|x86
		{EEBC2117-5B7D-42F1-B6FE-C5A151528C22}.Debug|ARM.ActiveCfg = Debug|ARM
		{EEBC2117-5B7D-42F1-B6FE-C5A151528C22}.Debug|ARM.Build.0 = Debug|ARM
		{EEBC2117-5B7D-42F1-B6FE-C5A151528C22}.Debug|ARM.Deploy.0 = Debug|ARM
		{EEBC2117-5B7D-42F1-B6FE-C5A151528C22}.Debug|iPhone.ActiveCfg = Debug|x86
		{EEBC2117-5B7D-42F1-B6FE-C5A151528C22}.Debug|iPhoneSimulator.ActiveCfg = Debug|x86
		{EEBC2117-5B7D-42F1-B6FE-C5A151528C22}.Debug|x64.ActiveCfg = Debug|x64
		{EEBC2117-5B7D-42F1-B6FE-C5A151528C22}.Debug|x64.Build.0 = Debug|x64
		{EEBC2117-5B7D-42F1-B6FE-C5A151528C22}.Debug|x64.Deploy.0 = Debug|x64
		{EEBC2117-5B7D-42F1-B6FE-C5A151528C22}.Debug|x86.ActiveCfg = Debug|x86
		{EEBC2117-5B7D-42F1-B6FE-C5A151528C22}.Debug|x86.Build.0 = Debug|x86
		{EEBC2117-5B7D-42F1-B6FE-C5A151528C22}.Debug|x86.Deploy.0 = Debug|x86
		{EEBC2117-5B7D-42F1-B6FE-C5A151528C22}.Release|Any CPU.ActiveCfg = Release|x86
		{EEBC2117-5B7D-42F1-B6FE-C5A151528C22}.Release|ARM.ActiveCfg = Release|ARM
		{EEBC2117-5B7D-42F1-B6FE-C5A151528C22}.Release|ARM.Build.0 = Release|ARM
		{EEBC2117-5B7D-42F1-B6FE-C5A151528C22}.Release|ARM.Deploy.0 = Release|ARM
		{EEBC2117-5B7D-42F1-B6FE-C5A151528C22}.Release|iPhone.ActiveCfg = Release|x86
		{EEBC2117-5B7D-42F1-B6FE-C5A151528C22}.Release|iPhoneSimulator.ActiveCfg = Release|x86
		{EEBC2117-5B7D-42F1-B6FE-C5A151528C22}.Release|x64.ActiveCfg = Release|x64
		{EEBC2117-5B7D-42F1-B6FE-C5A151528C22}.Release|x64.Build.0 = Release|x64
		{EEBC2117-5B7D-42F1-B6FE-C5A151528C22}.Release|x64.Deploy.0 = Release|x64
		{EEBC2117-5B7D-42F1-B6FE-C5A151528C22}.Release|x86.ActiveCfg = Release|x86
		{EEBC2117-5B7D-42F1-B6FE-C5A151528C22}.Release|x86.Build.0 = Release|x86
		{EEBC2117-5B7D-42F1-B6FE-C5A151528C22}.Release|x86.Deploy.0 = Release|x86
	EndGlobalSection
	GlobalSection(SolutionProperties) = preSolution
		HideSolutionNode = FALSE
	EndGlobalSection
	GlobalSection(ExtensibilityGlobals) = postSolution
		SolutionGuid = {1503E93A-C14D-4C9E-B08C-9B7D76DC8DE3}
	EndGlobalSection
EndGlobal
